
Microsoft Visual Studio Solution File, Format Version 12.00
# Visual Studio Version 17
VisualStudioVersion = 17.7.34024.191
MinimumVisualStudioVersion = 10.0.40219.1
Project("{FAE04EC0-301F-11D3-BF4B-00C04F79EFBC}") = "FreshTask", "FreshTask\FreshTask.csproj", "{43E09FB2-44A6-4495-B8BA-07BDD8437342}"
EndProject
Global
	GlobalSection(SolutionConfigurationPlatforms) = preSolution
		Debug|Any CPU = Debug|Any CPU
		Release|Any CPU = Release|Any CPU
	EndGlobalSection
	GlobalSection(ProjectConfigurationPlatforms) = postSolution
		{43E09FB2-44A6-4495-B8BA-07BDD8437342}.Debug|Any CPU.ActiveCfg = Debug|Any CPU
		{43E09FB2-44A6-4495-B8BA-07BDD8437342}.Debug|Any CPU.Build.0 = Debug|Any CPU
		{43E09FB2-44A6-4495-B8BA-07BDD8437342}.Release|Any CPU.ActiveCfg = Release|Any CPU
		{43E09FB2-44A6-4495-B8BA-07BDD8437342}.Release|Any CPU.Build.0 = Release|Any CPU
	EndGlobalSection
	GlobalSection(SolutionProperties) = preSolution
		HideSolutionNode = FALSE
	EndGlobalSection
	GlobalSection(ExtensibilityGlobals) = postSolution
		SolutionGuid = {7DDA7472-A442-417B-902C-0A4DCB1FC390}
	EndGlobalSection
EndGlobal
